
Microsoft Visual Studio Solution File, Format Version 11.00
# Visual Studio 2010
Project("{FAE04EC0-301F-11D3-BF4B-00C04F79EFBC}") = "PomodoroTimer", "PomodoroTimer\PomodoroTimer.csproj", "{2CA87CAB-6653-4C97-9AD9-4337BDC9AF4F}"
EndProject
Project("{FAE04EC0-301F-11D3-BF4B-00C04F79EFBC}") = "LedTest1", "LedTest1\LedTest1.csproj", "{6549250E-8D51-4F6F-A15D-DD33613A5EE6}"
EndProject
Global
	GlobalSection(SolutionConfigurationPlatforms) = preSolution
		Debug|Any CPU = Debug|Any CPU
		Release|Any CPU = Release|Any CPU
	EndGlobalSection
	GlobalSection(ProjectConfigurationPlatforms) = postSolution
		{2CA87CAB-6653-4C97-9AD9-4337BDC9AF4F}.Debug|Any CPU.ActiveCfg = Debug|Any CPU
		{2CA87CAB-6653-4C97-9AD9-4337BDC9AF4F}.Debug|Any CPU.Build.0 = Debug|Any CPU
		{2CA87CAB-6653-4C97-9AD9-4337BDC9AF4F}.Debug|Any CPU.Deploy.0 = Debug|Any CPU
		{2CA87CAB-6653-4C97-9AD9-4337BDC9AF4F}.Release|Any CPU.ActiveCfg = Release|Any CPU
		{2CA87CAB-6653-4C97-9AD9-4337BDC9AF4F}.Release|Any CPU.Build.0 = Release|Any CPU
		{2CA87CAB-6653-4C97-9AD9-4337BDC9AF4F}.Release|Any CPU.Deploy.0 = Release|Any CPU
		{6549250E-8D51-4F6F-A15D-DD33613A5EE6}.Debug|Any CPU.ActiveCfg = Debug|Any CPU
		{6549250E-8D51-4F6F-A15D-DD33613A5EE6}.Debug|Any CPU.Build.0 = Debug|Any CPU
		{6549250E-8D51-4F6F-A15D-DD33613A5EE6}.Debug|Any CPU.Deploy.0 = Debug|Any CPU
		{6549250E-8D51-4F6F-A15D-DD33613A5EE6}.Release|Any CPU.ActiveCfg = Release|Any CPU
		{6549250E-8D51-4F6F-A15D-DD33613A5EE6}.Release|Any CPU.Build.0 = Release|Any CPU
		{6549250E-8D51-4F6F-A15D-DD33613A5EE6}.Release|Any CPU.Deploy.0 = Release|Any CPU
	EndGlobalSection
	GlobalSection(SolutionProperties) = preSolution
		HideSolutionNode = FALSE
	EndGlobalSection
EndGlobal
